
Microsoft Visual Studio Solution File, Format Version 12.00
# Visual Studio Version 17
VisualStudioVersion = 17.13.35828.75 d17.13
MinimumVisualStudioVersion = 10.0.40219.1
Project("{8BC9CEB8-8B4A-11D0-8D11-00A0C91BC942}") = "LaunchCmdCpp", "LaunchCmdCpp\LaunchCmdCpp.vcxproj", "{BEB86EDA-54C4-4CCC-83C8-8B156C1E9335}"
EndProject
Global
	GlobalSection(SolutionConfigurationPlatforms) = preSolution
		Debug|x64 = Debug|x64
		Debug|x86 = Debug|x86
		Release|x64 = Release|x64
		Release|x86 = Release|x86
	EndGlobalSection
	GlobalSection(ProjectConfigurationPlatforms) = postSolution
		{BEB86EDA-54C4-4CCC-83C8-8B156C1E9335}.Debug|x64.ActiveCfg = Debug|x64
		{BEB86EDA-54C4-4CCC-83C8-8B156C1E9335}.Debug|x64.Build.0 = Debug|x64
		{BEB86EDA-54C4-4CCC-83C8-8B156C1E9335}.Debug|x86.ActiveCfg = Debug|Win32
		{BEB86EDA-54C4-4CCC-83C8-8B156C1E9335}.Debug|x86.Build.0 = Debug|Win32
		{BEB86EDA-54C4-4CCC-83C8-8B156C1E9335}.Release|x64.ActiveCfg = Release|x64
		{BEB86EDA-54C4-4CCC-83C8-8B156C1E9335}.Release|x64.Build.0 = Release|x64
		{BEB86EDA-54C4-4CCC-83C8-8B156C1E9335}.Release|x86.ActiveCfg = Release|Win32
		{BEB86EDA-54C4-4CCC-83C8-8B156C1E9335}.Release|x86.Build.0 = Release|Win32
	EndGlobalSection
	GlobalSection(SolutionProperties) = preSolution
		HideSolutionNode = FALSE
	EndGlobalSection
	GlobalSection(ExtensibilityGlobals) = postSolution
		SolutionGuid = {2E1D47AA-96AF-4920-B0EB-374806C6828D}
	EndGlobalSection
EndGlobal
